{
    "version": 4,
    "terraform_version": "1.7.4",
    "serial": 3,
    "lineage": "310ee0de-a921-c4ae-3f01-e2977be4ecd8",
    "outputs": {},
    "resources": [
        {
            "mode": "data",
            "type": "digitalocean_ssh_key",
            "name": "terraform",
            "provider": "provider[\"registry.terraform.io/digitalocean/digitalocean\"]",
            "instances": [
                {
                    "schema_version": 0,
                    "attributes": {
                        "fingerprint": "cd:0f:b0:6e:2d:89:ec:f5:6d:21:c3:ba:bd:5e:b6:47",
                        "id": 42109010,
                        "name": "docker-prueba",
                        "public_key": "ssh-rsa AAAAB3NzaC1yc2EAAAADAQABAAABgQC2obcomEmwitjMExqXGOzIml9AbrkvIpc/CZNf0CvbZXAiNerfzQdOJn9SN/Vk+Pt8QLXsYmO1mn0bQS6PcagGto/L2HyYsJX5R/OvrA59h73Sug/QgSXJKNEaeUF/AVYOBmd8dbbkBKrg3kkImiW+ObkbIk1MQFp14qSLDcAj9LYGVo8u7TQbiVeXvxXvfRQx9dMq/+jvtUQkoUSDq2lrZk14ug4sto1l+L1Ckft4FA/81JXmkeiP5V/PHtg6i+Iha+phFgV1hydFA9M0+uu+K8qIVdclrtt030Aq3bus72AcJLKwgHk0nH3ls4g+RY1a4teWrKdu3lVJQhYHS2XbxLIVnTxtqML+ZR3wlBFAyFpEHtM3bxx4csLyg5AKkXHJir7pWUT27vD8qTmuRryLFawq2P4f2f2gVvWOVEZr99GfdwpquBq5sTV6ar0IDa+W+06TCANNRHGxyLQbPyQvk32xVq2z4b/mzqD8ZD69AJDgkP9ESTfxbAd0Ui6jOSM= paola@VenP"
                    },
                    "sensitive_attributes": []
                }
            ]
        },
        {
            "mode": "managed",
            "type": "digitalocean_droplet",
            "name": "web",
            "provider": "provider[\"registry.terraform.io/digitalocean/digitalocean\"]",
            "instances": [
                {
                    "schema_version": 1,
                    "attributes": {
                        "backups": false,
                        "created_at": "2024-05-20T19:44:24Z",
                        "disk": 160,
                        "droplet_agent": null,
                        "graceful_shutdown": false,
                        "id": "420082007",
                        "image": "ubuntu-23-10-x64",
                        "ipv4_address": "137.184.93.181",
                        "ipv4_address_private": "10.124.0.2",
                        "ipv6": false,
                        "ipv6_address": "",
                        "locked": false,
                        "memory": 8192,
                        "monitoring": false,
                        "name": "docker-prueba",
                        "price_hourly": 0.08333,
                        "price_monthly": 56,
                        "private_networking": true,
                        "region": "sfo3",
                        "resize_disk": true,
                        "size": "s-4vcpu-8gb-amd",
                        "ssh_keys": [
                            "42109010"
                        ],
                        "status": "active",
                        "tags": null,
                        "timeouts": null,
                        "urn": "do:droplet:420082007",
                        "user_data": null,
                        "vcpus": 4,
                        "volume_ids": [],
                        "vpc_uuid": "b4087d44-5260-4e7f-80f1-928e664e55a3"
                    },
                    "sensitive_attributes": [],
                    "private": "eyJlMmJmYjczMC1lY2FhLTExZTYtOGY4OC0zNDM2M2JjN2M0YzAiOnsiY3JlYXRlIjozNjAwMDAwMDAwMDAwLCJkZWxldGUiOjYwMDAwMDAwMDAwLCJ1cGRhdGUiOjM2MDAwMDAwMDAwMDB9LCJzY2hlbWFfdmVyc2lvbiI6IjEifQ==",
                    "dependencies": [
                        "data.digitalocean_ssh_key.terraform"
                    ]
                }
            ]
        },
        {
            "mode": "managed",
            "type": "null_resource",
            "name": "change_user",
            "provider": "provider[\"registry.terraform.io/hashicorp/null\"]",
            "instances": [
                {
                    "schema_version": 0,
                    "attributes": {
                        "id": "6583092331425277",
                        "triggers": null
                    },
                    "sensitive_attributes": [],
                    "dependencies": [
                        "data.digitalocean_ssh_key.terraform",
                        "digitalocean_droplet.web"
                    ]
                }
            ]
        }
    ],
    "check_results": null
}